# This file was autogenerated by Stack.
# You should not edit this file by hand.
# For more information, please see the documentation at:
#   https://docs.haskellstack.org/en/stable/lock_files

packages:
- completed:
    hackage: bson-generic-0.0.9@sha256:ea6685daa618b2bbe6e189c33e195e812501baf42f53183eedc16f011690895a,817
    pantry-tree:
      size: 220
      sha256: 46d452c35c2c762af25bf4d85b5248a94cbbe5b282bc4b1217d0ab3451011ae9
  original:
    hackage: bson-generic-0.0.9@sha256:ea6685daa618b2bbe6e189c33e195e812501baf42f53183eedc16f011690895a,817
snapshots:
- completed:
    size: 565712
    url: https://raw.githubusercontent.com/commercialhaskell/stackage-snapshots/master/lts/17/6.yaml
    sha256: 4e5e581a709c88e3fe26a9ce8bf331435729bead762fb5c190064c6c5bb1b835
  original: lts-17.6
